{
  "name": "anchorchain",
  "version": "0.1.0",
  "lockfileVersion": 3,
  "requires": true,
  "packages": {
    "": {
      "name": "anchorchain",
      "version": "0.1.0",
      "license": "MIT",
      "workspaces": [
        "packages/bsv",
        "packages/hashing",
        "packages/schema",
        "packages/merkle",
        "packages/shard",
        "packages/memstore",
        "packages/anchor",
        "packages/file",
        "packages/proofentity",
        "packages/proofstore",
        "packages/provenance",
        "packages/privacy",
        "packages/custody",
        "packages/identity",
        "packages/credit",
        "packages/settlement",
        "packages/api",
        "packages/cli",
        "packages/bench"
      ],
      "devDependencies": {
        "@types/node": "22.10.10",
        "typescript": "5.7.3"
      },
      "engines": {
        "node": ">=24.0.0"
      }
    },
    "node_modules/@anchorchain/anchor": {
      "resolved": "packages/anchor",
      "link": true
    },
    "node_modules/@anchorchain/bsv": {
      "resolved": "packages/bsv",
      "link": true
    },
    "node_modules/@anchorchain/file": {
      "resolved": "packages/file",
      "link": true
    },
    "node_modules/@anchorchain/hashing": {
      "resolved": "packages/hashing",
      "link": true
    },
    "node_modules/@anchorchain/memstore": {
      "resolved": "packages/memstore",
      "link": true
    },
    "node_modules/@anchorchain/merkle": {
      "resolved": "packages/merkle",
      "link": true
    },
    "node_modules/@anchorchain/privacy": {
      "resolved": "packages/privacy",
      "link": true
    },
    "node_modules/@anchorchain/proofentity": {
      "resolved": "packages/proofentity",
      "link": true
    },
    "node_modules/@anchorchain/proofstore": {
      "resolved": "packages/proofstore",
      "link": true
    },
    "node_modules/@anchorchain/provenance": {
      "resolved": "packages/provenance",
      "link": true
    },
    "node_modules/@anchorchain/schema": {
      "resolved": "packages/schema",
      "link": true
    },
    "node_modules/@anchorchain/shard": {
      "resolved": "packages/shard",
      "link": true
    },
    "node_modules/@bsv/sdk": {
      "version": "2.1.4",
      "resolved": "https://registry.npmjs.org/@bsv/sdk/-/sdk-2.1.4.tgz",
      "integrity": "sha512-FrX5knwUZXPJHVaE9usoevwWqLItiWCFIr2jD20W3Ke6I+IHbDyivMF8MKtrWSeOxeanFx9v8YLeN6/qzAtlzQ==",
      "license": "SEE LICENSE IN LICENSE.txt"
    },
    "node_modules/@types/node": {
      "version": "22.10.10",
      "resolved": "https://registry.npmjs.org/@types/node/-/node-22.10.10.tgz",
      "integrity": "sha512-X47y/mPNzxviAGY5TcYPtYL8JsY3kAq2n8fMmKoRCxq/c4v4pyGNCzM2R6+M5/umG4ZfHuT+sgqDYqWc9rJ6ww==",
      "dev": true,
      "license": "MIT",
      "dependencies": {
        "undici-types": "~6.20.0"
      }
    },
    "node_modules/typescript": {
      "version": "5.7.3",
      "resolved": "https://registry.npmjs.org/typescript/-/typescript-5.7.3.tgz",
      "integrity": "sha512-84MVSjMEHP+FQRPy3pX9sTVV/INIex71s9TL2Gm5FG/WG1SqXeKyZ0k7/blY/4FdOzI12CBy1vGc4og/eus0fw==",
      "dev": true,
      "license": "Apache-2.0",
      "bin": {
        "tsc": "bin/tsc",
        "tsserver": "bin/tsserver"
      },
      "engines": {
        "node": ">=14.17"
      }
    },
    "node_modules/undici-types": {
      "version": "6.20.0",
      "resolved": "https://registry.npmjs.org/undici-types/-/undici-types-6.20.0.tgz",
      "integrity": "sha512-Ny6QZ2Nju20vw1SRHe3d9jVu6gJ+4e3+MMpqu7pqE5HT6WsTSlce++GQmK5UXS8mzV8DSYHrQH+Xrf2jVcuKNg==",
      "dev": true,
      "license": "MIT"
    },
    "packages/anchor": {
      "name": "@anchorchain/anchor",
      "version": "0.1.0",
      "dependencies": {
        "@anchorchain/bsv": "*",
        "@anchorchain/memstore": "*",
        "@anchorchain/merkle": "*"
      }
    },
    "packages/bsv": {
      "name": "@anchorchain/bsv",
      "version": "0.1.0",
      "dependencies": {
        "@bsv/sdk": "2.1.4"
      }
    },
    "packages/file": {
      "name": "@anchorchain/file",
      "version": "0.1.0",
      "dependencies": {
        "@anchorchain/bsv": "*",
        "@anchorchain/hashing": "*",
        "@anchorchain/merkle": "*"
      }
    },
    "packages/hashing": {
      "name": "@anchorchain/hashing",
      "version": "0.1.0",
      "dependencies": {
        "@anchorchain/bsv": "*",
        "@anchorchain/schema": "*"
      }
    },
    "packages/memstore": {
      "name": "@anchorchain/memstore",
      "version": "0.1.0",
      "dependencies": {
        "@anchorchain/bsv": "*",
        "@anchorchain/hashing": "*",
        "@anchorchain/schema": "*"
      }
    },
    "packages/merkle": {
      "name": "@anchorchain/merkle",
      "version": "0.1.0",
      "dependencies": {
        "@anchorchain/bsv": "*"
      }
    },
    "packages/privacy": {
      "name": "@anchorchain/privacy",
      "version": "0.1.0",
      "dependencies": {
        "@anchorchain/bsv": "*"
      }
    },
    "packages/proofentity": {
      "name": "@anchorchain/proofentity",
      "version": "0.1.0",
      "dependencies": {
        "@anchorchain/bsv": "*",
        "@anchorchain/merkle": "*",
        "@anchorchain/shard": "*"
      }
    },
    "packages/proofstore": {
      "name": "@anchorchain/proofstore",
      "version": "0.1.0",
      "dependencies": {
        "@anchorchain/bsv": "*"
      }
    },
    "packages/provenance": {
      "name": "@anchorchain/provenance",
      "version": "0.1.0",
      "dependencies": {
        "@anchorchain/bsv": "*",
        "@anchorchain/merkle": "*",
        "@anchorchain/proofentity": "*"
      }
    },
    "packages/schema": {
      "name": "@anchorchain/schema",
      "version": "0.1.0",
      "dependencies": {
        "@anchorchain/bsv": "*"
      }
    },
    "packages/shard": {
      "name": "@anchorchain/shard",
      "version": "0.1.0",
      "dependencies": {
        "@anchorchain/bsv": "*",
        "@anchorchain/merkle": "*"
      }
    }
  }
}
